{
  "version": 4,
  "terraform_version": "1.5.7",
  "serial": 47,
  "lineage": "9c93af6b-afc1-531b-c59d-336ae1921935",
  "outputs": {
    "alb_arn": {
      "value": "arn:aws:elasticloadbalancing:us-east-1:416684166863:loadbalancer/app/trya-platform-backend-dev-alb/a4e8be97c9a2d5bc",
      "type": "string"
    },
    "alb_dns_name": {
      "value": "trya-platform-backend-dev-alb-1209860738.us-east-1.elb.amazonaws.com",
      "type": "string"
    },
    "alb_target_group_arn": {
      "value": "arn:aws:elasticloadbalancing:us-east-1:416684166863:targetgroup/trya-platform-backend-dev-alb-tg/5cee2a45afc661a3",
      "type": "string"
    },
    "api_endpoint": {
      "value": "https://trya-platform-backend-dev-alb-1209860738.us-east-1.elb.amazonaws.com/api",
      "type": "string"
    },
    "cloudwatch_dashboard_name": {
      "value": "trya-platform-backend-dev",
      "type": "string"
    },
    "cloudwatch_sns_topic_arn": {
      "value": "arn:aws:sns:us-east-1:416684166863:trya-platform-backend-dev-alarms",
      "type": "string"
    },
    "deployment_info": {
      "value": {
        "ecr_repository": "416684166863.dkr.ecr.us-east-1.amazonaws.com/trya-platform-backend-dev",
        "ecs_cluster": "trya-platform-backend-dev-cluster",
        "ecs_service": "trya-platform-backend-dev-service",
        "ecs_task_definition": "trya-platform-backend-dev-service"
      },
      "type": [
        "object",
        {
          "ecr_repository": "string",
          "ecs_cluster": "string",
          "ecs_service": "string",
          "ecs_task_definition": "string"
        }
      ]
    },
    "ecr_repository_name": {
      "value": "trya-platform-backend-dev",
      "type": "string"
    },
    "ecr_repository_url": {
      "value": "416684166863.dkr.ecr.us-east-1.amazonaws.com/trya-platform-backend-dev",
      "type": "string"
    },
    "ecs_cluster_arn": {
      "value": "arn:aws:ecs:us-east-1:416684166863:cluster/trya-platform-backend-dev-cluster",
      "type": "string"
    },
    "ecs_cluster_name": {
      "value": "trya-platform-backend-dev-cluster",
      "type": "string"
    },
    "ecs_security_group_id": {
      "value": "sg-05e3c6b648f5d9193",
      "type": "string"
    },
    "ecs_service_name": {
      "value": "trya-platform-backend-dev-service",
      "type": "string"
    },
    "ecs_task_definition_arn": {
      "value": "arn:aws:ecs:us-east-1:416684166863:task-definition/trya-platform-backend-dev-service:7",
      "type": "string"
    },
    "ecs_task_execution_role_arn": {
      "value": "arn:aws:iam::416684166863:role/trya-platform-backend-dev-service-ecs-task-execution-role",
      "type": "string"
    },
    "ecs_task_role_arn": {
      "value": "arn:aws:iam::416684166863:role/trya-platform-backend-dev-service-ecs-task-role",
      "type": "string"
    },
    "health_check_url": {
      "value": "https://trya-platform-backend-dev-alb-1209860738.us-east-1.elb.amazonaws.com/api/health",
      "type": "string"
    },
    "waf_web_acl_arn": {
      "value": "arn:aws:wafv2:us-east-1:416684166863:regional/webacl/trya-platform-backend-dev-waf/0ba64fb8-1217-44f9-a2d8-dc181cb7e8e0",
      "type": "string"
    }
  },
  "resources": [
    {
      "mode": "data",
      "type": "aws_caller_identity",
      "name": "current",
      "provider": "provider[\"registry.terraform.io/hashicorp/aws\"]",
      "instances": [
        {
          "schema_version": 0,
          "attributes": {
            "account_id": "416684166863",
            "arn": "arn:aws:iam::416684166863:user/stellabertthiolly.skopia",
            "id": "416684166863",
            "user_id": "AIDAWCBCPZ3H4MR2FMDE3"
          },
          "sensitive_attributes": []
        }
      ]
    },
    {
      "mode": "data",
      "type": "aws_subnets",
      "name": "private",
      "provider": "provider[\"registry.terraform.io/hashicorp/aws\"]",
      "instances": [
        {
          "schema_version": 0,
          "attributes": {
            "filter": [
              {
                "name": "subnet-id",
                "values": [
                  "subnet-086fc061e53c37c3a",
                  "subnet-0bee6b992a1e42a6b",
                  "subnet-0e24669b3bdad590a"
                ]
              }
            ],
            "id": "us-east-1",
            "ids": [
              "subnet-0bee6b992a1e42a6b",
              "subnet-086fc061e53c37c3a",
              "subnet-0e24669b3bdad590a"
            ],
            "tags": null,
            "timeouts": null
          },
          "sensitive_attributes": []
        }
      ]
    },
    {
      "mode": "data",
      "type": "aws_subnets",
      "name": "public",
      "provider": "provider[\"registry.terraform.io/hashicorp/aws\"]",
      "instances": [
        {
          "schema_version": 0,
          "attributes": {
            "filter": [
              {
                "name": "subnet-id",
                "values": [
                  "subnet-086fc061e53c37c3a",
                  "subnet-0bee6b992a1e42a6b",
                  "subnet-0e24669b3bdad590a"
                ]
              }
            ],
            "id": "us-east-1",
            "ids": [
              "subnet-0bee6b992a1e42a6b",
              "subnet-086fc061e53c37c3a",
              "subnet-0e24669b3bdad590a"
            ],
            "tags": null,
            "timeouts": null
          },
          "sensitive_attributes": []
        }
      ]
    },
    {
      "mode": "data",
      "type": "aws_vpc",
      "name": "main",
      "provider": "provider[\"registry.terraform.io/hashicorp/aws\"]",
      "instances": [
        {
          "schema_version": 0,
          "attributes": {
            "arn": "arn:aws:ec2:us-east-1:416684166863:vpc/vpc-05550ca68ba305afb",
            "cidr_block": "172.31.0.0/16",
            "cidr_block_associations": [
              {
                "association_id": "vpc-cidr-assoc-0db8a697edbd4affd",
                "cidr_block": "172.31.0.0/16",
                "state": "associated"
              }
            ],
            "default": true,
            "dhcp_options_id": "dopt-095a90421b68677c3",
            "enable_dns_hostnames": true,
            "enable_dns_support": true,
            "enable_network_address_usage_metrics": false,
            "filter": null,
            "id": "vpc-05550ca68ba305afb",
            "instance_tenancy": "default",
            "ipv6_association_id": "",
            "ipv6_cidr_block": "",
            "main_route_table_id": "rtb-09cc6ababc6566731",
            "owner_id": "416684166863",
            "state": null,
            "tags": {},
            "timeouts": null
          },
          "sensitive_attributes": []
        }
      ]
    },
    {
      "mode": "managed",
      "type": "aws_security_group_rule",
      "name": "alb_to_ecs",
      "provider": "provider[\"registry.terraform.io/hashicorp/aws\"]",
      "instances": [
        {
          "schema_version": 2,
          "attributes": {
            "cidr_blocks": null,
            "description": "Allow ALB to communicate with ECS tasks",
            "from_port": 3000,
            "id": "sgrule-4089496228",
            "ipv6_cidr_blocks": null,
            "prefix_list_ids": null,
            "protocol": "tcp",
            "security_group_id": "sg-0897249f3ee336770",
            "security_group_rule_id": "sgr-0a368e627985eca31",
            "self": false,
            "source_security_group_id": "sg-05e3c6b648f5d9193",
            "timeouts": null,
            "to_port": 3000,
            "type": "egress"
          },
          "sensitive_attributes": [],
          "private": "eyJlMmJmYjczMC1lY2FhLTExZTYtOGY4OC0zNDM2M2JjN2M0YzAiOnsiY3JlYXRlIjozMDAwMDAwMDAwMDB9LCJzY2hlbWFfdmVyc2lvbiI6IjIifQ==",
          "dependencies": [
            "data.aws_subnets.public",
            "data.aws_vpc.main",
            "module.alb.aws_lb.this",
            "module.alb.aws_lb_listener.http",
            "module.alb.aws_lb_listener.https",
            "module.alb.aws_lb_target_group.this",
            "module.alb.aws_security_group.alb",
            "module.ecs.aws_security_group.ecs_tasks"
          ]
        }
      ]
    },
    {
      "mode": "managed",
      "type": "aws_security_group_rule",
      "name": "ecs_from_alb",
      "provider": "provider[\"registry.terraform.io/hashicorp/aws\"]",
      "instances": [
        {
          "schema_version": 2,
          "attributes": {
            "cidr_blocks": null,
            "description": "Allow ECS tasks to receive traffic from ALB",
            "from_port": 3000,
            "id": "sgrule-2145987785",
            "ipv6_cidr_blocks": null,
            "prefix_list_ids": null,
            "protocol": "tcp",
            "security_group_id": "sg-05e3c6b648f5d9193",
            "security_group_rule_id": "sgr-02f321d00c369f895",
            "self": false,
            "source_security_group_id": "sg-0897249f3ee336770",
            "timeouts": null,
            "to_port": 3000,
            "type": "ingress"
          },
          "sensitive_attributes": [],
          "private": "eyJlMmJmYjczMC1lY2FhLTExZTYtOGY4OC0zNDM2M2JjN2M0YzAiOnsiY3JlYXRlIjozMDAwMDAwMDAwMDB9LCJzY2hlbWFfdmVyc2lvbiI6IjIifQ==",
          "dependencies": [
            "data.aws_subnets.public",
            "data.aws_vpc.main",
            "module.alb.aws_lb.this",
            "module.alb.aws_lb_listener.http",
            "module.alb.aws_lb_listener.https",
            "module.alb.aws_lb_target_group.this",
            "module.alb.aws_security_group.alb",
            "module.ecs.aws_security_group.ecs_tasks"
          ]
        }
      ]
    },
    {
      "module": "module.alb",
      "mode": "managed",
      "type": "aws_lb",
      "name": "this",
      "provider": "provider[\"registry.terraform.io/hashicorp/aws\"]",
      "instances": [
        {
          "schema_version": 0,
          "attributes": {
            "access_logs": [
              {
                "bucket": "",
                "enabled": false,
                "prefix": ""
              }
            ],
            "arn": "arn:aws:elasticloadbalancing:us-east-1:416684166863:loadbalancer/app/trya-platform-backend-dev-alb/a4e8be97c9a2d5bc",
            "arn_suffix": "app/trya-platform-backend-dev-alb/a4e8be97c9a2d5bc",
            "client_keep_alive": 3600,
            "connection_logs": [
              {
                "bucket": "",
                "enabled": false,
                "prefix": ""
              }
            ],
            "customer_owned_ipv4_pool": "",
            "desync_mitigation_mode": "defensive",
            "dns_name": "trya-platform-backend-dev-alb-1209860738.us-east-1.elb.amazonaws.com",
            "dns_record_client_routing_policy": null,
            "drop_invalid_header_fields": false,
            "enable_cross_zone_load_balancing": true,
            "enable_deletion_protection": false,
            "enable_http2": true,
            "enable_tls_version_and_cipher_suite_headers": false,
            "enable_waf_fail_open": false,
            "enable_xff_client_port": false,
            "enable_zonal_shift": false,
            "enforce_security_group_inbound_rules_on_private_link_traffic": "",
            "id": "arn:aws:elasticloadbalancing:us-east-1:416684166863:loadbalancer/app/trya-platform-backend-dev-alb/a4e8be97c9a2d5bc",
            "idle_timeout": 60,
            "internal": false,
            "ip_address_type": "ipv4",
            "ipam_pools": [],
            "load_balancer_type": "application",
            "minimum_load_balancer_capacity": [],
            "name": "trya-platform-backend-dev-alb",
            "name_prefix": "",
            "preserve_host_header": false,
            "security_groups": [
              "sg-0897249f3ee336770"
            ],
            "subnet_mapping": [
              {
                "allocation_id": "",
                "ipv6_address": "",
                "outpost_id": "",
                "private_ipv4_address": "",
                "subnet_id": "subnet-086fc061e53c37c3a"
              },
              {
                "allocation_id": "",
                "ipv6_address": "",
                "outpost_id": "",
                "private_ipv4_address": "",
                "subnet_id": "subnet-0bee6b992a1e42a6b"
              },
              {
                "allocation_id": "",
                "ipv6_address": "",
                "outpost_id": "",
                "private_ipv4_address": "",
                "subnet_id": "subnet-0e24669b3bdad590a"
              }
            ],
            "subnets": [
              "subnet-086fc061e53c37c3a",
              "subnet-0bee6b992a1e42a6b",
              "subnet-0e24669b3bdad590a"
            ],
            "tags": {
              "Application": "Trya Platform",
              "CostCenter": "Engineering",
              "Environment": "dev",
              "ManagedBy": "terraform",
              "Name": "trya-platform-backend-dev-alb",
              "Project": "trya-platform-backend",
              "Team": "Platform"
            },
            "tags_all": {
              "Application": "Trya Platform",
              "CostCenter": "Engineering",
              "Environment": "dev",
              "ManagedBy": "terraform",
              "Name": "trya-platform-backend-dev-alb",
              "Project": "trya-platform-backend",
              "Team": "Platform"
            },
            "timeouts": null,
            "vpc_id": "vpc-05550ca68ba305afb",
            "xff_header_processing_mode": "append",
            "zone_id": "Z35SXDOTRQ7X7K"
          },
          "sensitive_attributes": [],
          "private": "eyJlMmJmYjczMC1lY2FhLTExZTYtOGY4OC0zNDM2M2JjN2M0YzAiOnsiY3JlYXRlIjo2MDAwMDAwMDAwMDAsImRlbGV0ZSI6NjAwMDAwMDAwMDAwLCJ1cGRhdGUiOjYwMDAwMDAwMDAwMH19",
          "dependencies": [
            "data.aws_subnets.public",
            "data.aws_vpc.main",
            "module.alb.aws_security_group.alb"
          ]
        }
      ]
    },
    {
      "module": "module.alb",
      "mode": "managed",
      "type": "aws_lb_listener",
      "name": "http",
      "provider": "provider[\"registry.terraform.io/hashicorp/aws\"]",
      "instances": [
        {
          "schema_version": 0,
          "attributes": {
            "alpn_policy": null,
            "arn": "arn:aws:elasticloadbalancing:us-east-1:416684166863:listener/app/trya-platform-backend-dev-alb/a4e8be97c9a2d5bc/d0db6ed7a0ba934f",
            "certificate_arn": null,
            "default_action": [
              {
                "authenticate_cognito": [],
                "authenticate_oidc": [],
                "fixed_response": [],
                "forward": [],
                "order": 1,
                "redirect": [],
                "target_group_arn": "arn:aws:elasticloadbalancing:us-east-1:416684166863:targetgroup/trya-platform-backend-dev-alb-tg/5cee2a45afc661a3",
                "type": "forward"
              }
            ],
            "id": "arn:aws:elasticloadbalancing:us-east-1:416684166863:listener/app/trya-platform-backend-dev-alb/a4e8be97c9a2d5bc/d0db6ed7a0ba934f",
            "load_balancer_arn": "arn:aws:elasticloadbalancing:us-east-1:416684166863:loadbalancer/app/trya-platform-backend-dev-alb/a4e8be97c9a2d5bc",
            "mutual_authentication": [],
            "port": 80,
            "protocol": "HTTP",
            "routing_http_request_x_amzn_mtls_clientcert_header_name": null,
            "routing_http_request_x_amzn_mtls_clientcert_issuer_header_name": null,
            "routing_http_request_x_amzn_mtls_clientcert_leaf_header_name": null,
            "routing_http_request_x_amzn_mtls_clientcert_serial_number_header_name": null,
            "routing_http_request_x_amzn_mtls_clientcert_subject_header_name": null,
            "routing_http_request_x_amzn_mtls_clientcert_validity_header_name": null,
            "routing_http_request_x_amzn_tls_cipher_suite_header_name": null,
            "routing_http_request_x_amzn_tls_version_header_name": null,
            "routing_http_response_access_control_allow_credentials_header_value": "",
            "routing_http_response_access_control_allow_headers_header_value": "",
            "routing_http_response_access_control_allow_methods_header_value": "",
            "routing_http_response_access_control_allow_origin_header_value": "",
            "routing_http_response_access_control_expose_headers_header_value": "",
            "routing_http_response_access_control_max_age_header_value": "",
            "routing_http_response_content_security_policy_header_value": "",
            "routing_http_response_server_enabled": true,
            "routing_http_response_strict_transport_security_header_value": "",
            "routing_http_response_x_content_type_options_header_value": "",
            "routing_http_response_x_frame_options_header_value": "",
            "ssl_policy": "",
            "tags": {},
            "tags_all": {
              "Environment": "dev",
              "ManagedBy": "terraform",
              "Project": "trya-platform-backend"
            },
            "tcp_idle_timeout_seconds": null,
            "timeouts": null
          },
          "sensitive_attributes": [],
          "private": "eyJlMmJmYjczMC1lY2FhLTExZTYtOGY4OC0zNDM2M2JjN2M0YzAiOnsiY3JlYXRlIjozMDAwMDAwMDAwMDAsInVwZGF0ZSI6MzAwMDAwMDAwMDAwfX0=",
          "dependencies": [
            "data.aws_subnets.public",
            "data.aws_vpc.main",
            "module.alb.aws_lb.this",
            "module.alb.aws_lb_target_group.this",
            "module.alb.aws_security_group.alb"
          ]
        }
      ]
    },
    {
      "module": "module.alb",
      "mode": "managed",
      "type": "aws_lb_target_group",
      "name": "this",
      "provider": "provider[\"registry.terraform.io/hashicorp/aws\"]",
      "instances": [
        {
          "schema_version": 0,
          "attributes": {
            "arn": "arn:aws:elasticloadbalancing:us-east-1:416684166863:targetgroup/trya-platform-backend-dev-alb-tg/5cee2a45afc661a3",
            "arn_suffix": "targetgroup/trya-platform-backend-dev-alb-tg/5cee2a45afc661a3",
            "connection_termination": null,
            "deregistration_delay": "30",
            "health_check": [
              {
                "enabled": true,
                "healthy_threshold": 2,
                "interval": 30,
                "matcher": "200",
                "path": "/api/health",
                "port": "traffic-port",
                "protocol": "HTTP",
                "timeout": 5,
                "unhealthy_threshold": 3
              }
            ],
            "id": "arn:aws:elasticloadbalancing:us-east-1:416684166863:targetgroup/trya-platform-backend-dev-alb-tg/5cee2a45afc661a3",
            "ip_address_type": "ipv4",
            "lambda_multi_value_headers_enabled": false,
            "load_balancer_arns": [
              "arn:aws:elasticloadbalancing:us-east-1:416684166863:loadbalancer/app/trya-platform-backend-dev-alb/a4e8be97c9a2d5bc"
            ],
            "load_balancing_algorithm_type": "round_robin",
            "load_balancing_anomaly_mitigation": "off",
            "load_balancing_cross_zone_enabled": "use_load_balancer_configuration",
            "name": "trya-platform-backend-dev-alb-tg",
            "name_prefix": "",
            "port": 3000,
            "preserve_client_ip": null,
            "protocol": "HTTP",
            "protocol_version": "HTTP1",
            "proxy_protocol_v2": false,
            "slow_start": 0,
            "stickiness": [
              {
                "cookie_duration": 86400,
                "cookie_name": "",
                "enabled": false,
                "type": "lb_cookie"
              }
            ],
            "tags": {
              "Application": "Trya Platform",
              "CostCenter": "Engineering",
              "Environment": "dev",
              "ManagedBy": "terraform",
              "Name": "trya-platform-backend-dev-alb-tg",
              "Project": "trya-platform-backend",
              "Team": "Platform"
            },
            "tags_all": {
              "Application": "Trya Platform",
              "CostCenter": "Engineering",
              "Environment": "dev",
              "ManagedBy": "terraform",
              "Name": "trya-platform-backend-dev-alb-tg",
              "Project": "trya-platform-backend",
              "Team": "Platform"
            },
            "target_failover": [
              {
                "on_deregistration": null,
                "on_unhealthy": null
              }
            ],
            "target_group_health": [
              {
                "dns_failover": [
                  {
                    "minimum_healthy_targets_count": "1",
                    "minimum_healthy_targets_percentage": "off"
                  }
                ],
                "unhealthy_state_routing": [
                  {
                    "minimum_healthy_targets_count": 1,
                    "minimum_healthy_targets_percentage": "off"
                  }
                ]
              }
            ],
            "target_health_state": [
              {
                "enable_unhealthy_connection_termination": null,
                "unhealthy_draining_interval": null
              }
            ],
            "target_type": "ip",
            "vpc_id": "vpc-05550ca68ba305afb"
          },
          "sensitive_attributes": [],
          "private": "bnVsbA==",
          "dependencies": [
            "data.aws_vpc.main"
          ]
        }
      ]
    },
    {
      "module": "module.alb",
      "mode": "managed",
      "type": "aws_security_group",
      "name": "alb",
      "provider": "provider[\"registry.terraform.io/hashicorp/aws\"]",
      "instances": [
        {
          "schema_version": 1,
          "attributes": {
            "arn": "arn:aws:ec2:us-east-1:416684166863:security-group/sg-0897249f3ee336770",
            "description": "Security group for Application Load Balancer",
            "egress": [
              {
                "cidr_blocks": [
                  "0.0.0.0/0"
                ],
                "description": "Allow all outbound traffic",
                "from_port": 0,
                "ipv6_cidr_blocks": [],
                "prefix_list_ids": [],
                "protocol": "-1",
                "security_groups": [],
                "self": false,
                "to_port": 0
              }
            ],
            "id": "sg-0897249f3ee336770",
            "ingress": [
              {
                "cidr_blocks": [
                  "0.0.0.0/0"
                ],
                "description": "HTTP",
                "from_port": 80,
                "ipv6_cidr_blocks": [],
                "prefix_list_ids": [],
                "protocol": "tcp",
                "security_groups": [],
                "self": false,
                "to_port": 80
              },
              {
                "cidr_blocks": [
                  "0.0.0.0/0"
                ],
                "description": "HTTPS",
                "from_port": 443,
                "ipv6_cidr_blocks": [],
                "prefix_list_ids": [],
                "protocol": "tcp",
                "security_groups": [],
                "self": false,
                "to_port": 443
              }
            ],
            "name": "trya-platform-backend-dev-alb-alb-sg",
            "name_prefix": "",
            "owner_id": "416684166863",
            "revoke_rules_on_delete": false,
            "tags": {
              "Application": "Trya Platform",
              "CostCenter": "Engineering",
              "Environment": "dev",
              "ManagedBy": "terraform",
              "Name": "trya-platform-backend-dev-alb-alb-sg",
              "Project": "trya-platform-backend",
              "Team": "Platform"
            },
            "tags_all": {
              "Application": "Trya Platform",
              "CostCenter": "Engineering",
              "Environment": "dev",
              "ManagedBy": "terraform",
              "Name": "trya-platform-backend-dev-alb-alb-sg",
              "Project": "trya-platform-backend",
              "Team": "Platform"
            },
            "timeouts": null,
            "vpc_id": "vpc-05550ca68ba305afb"
          },
          "sensitive_attributes": [],
          "private": "eyJlMmJmYjczMC1lY2FhLTExZTYtOGY4OC0zNDM2M2JjN2M0YzAiOnsiY3JlYXRlIjo2MDAwMDAwMDAwMDAsImRlbGV0ZSI6OTAwMDAwMDAwMDAwfSwic2NoZW1hX3ZlcnNpb24iOiIxIn0=",
          "dependencies": [
            "data.aws_vpc.main"
          ]
        }
      ]
    },
    {
      "module": "module.cloudwatch",
      "mode": "data",
      "type": "aws_region",
      "name": "current",
      "provider": "provider[\"registry.terraform.io/hashicorp/aws\"]",
      "instances": [
        {
          "schema_version": 0,
          "attributes": {
            "description": "US East (N. Virginia)",
            "endpoint": "ec2.us-east-1.amazonaws.com",
            "id": "us-east-1",
            "name": "us-east-1"
          },
          "sensitive_attributes": []
        }
      ]
    },
    {
      "module": "module.cloudwatch",
      "mode": "managed",
      "type": "aws_cloudwatch_dashboard",
      "name": "this",
      "provider": "provider[\"registry.terraform.io/hashicorp/aws\"]",
      "instances": [
        {
          "schema_version": 0,
          "attributes": {
            "dashboard_arn": "arn:aws:cloudwatch::416684166863:dashboard/trya-platform-backend-dev",
            "dashboard_body": "{\"widgets\":[{\"height\":6,\"properties\":{\"metrics\":[[\"AWS/ECS\",\"CPUUtilization\",\"ServiceName\",\"trya-platform-backend-dev-service\",\"ClusterName\",\"trya-platform-backend-dev-cluster\"],[\".\",\"MemoryUtilization\",\".\",\".\",\".\",\".\"]],\"period\":300,\"region\":\"us-east-1\",\"stat\":\"Average\",\"title\":\"ECS Service - CPU \u0026 Memory\"},\"type\":\"metric\",\"width\":12,\"x\":0,\"y\":0},{\"height\":6,\"properties\":{\"metrics\":[[\"ECS/ContainerInsights\",\"RunningTaskCount\",\"ServiceName\",\"trya-platform-backend-dev-service\",\"ClusterName\",\"trya-platform-backend-dev-cluster\"],[\".\",\"DesiredTaskCount\",\".\",\".\",\".\",\".\"]],\"period\":300,\"region\":\"us-east-1\",\"stat\":\"Average\",\"title\":\"ECS Service - Running Tasks\"},\"type\":\"metric\",\"width\":12,\"x\":12,\"y\":0},{\"height\":6,\"properties\":{\"metrics\":[[\"AWS/ApplicationELB\",\"RequestCount\",\"LoadBalancer\",\"app/trya-platform-backend-dev-alb/a4e8be97c9a2d5bc\"]],\"period\":60,\"region\":\"us-east-1\",\"stat\":\"Sum\",\"title\":\"ALB - Request Count\"},\"type\":\"metric\",\"width\":8,\"x\":0,\"y\":6},{\"height\":6,\"properties\":{\"metrics\":[[\"AWS/ApplicationELB\",\"TargetResponseTime\",\"LoadBalancer\",\"app/trya-platform-backend-dev-alb/a4e8be97c9a2d5bc\"]],\"period\":60,\"region\":\"us-east-1\",\"stat\":\"Average\",\"title\":\"ALB - Response Time\"},\"type\":\"metric\",\"width\":8,\"x\":8,\"y\":6},{\"height\":6,\"properties\":{\"metrics\":[[\"AWS/ApplicationELB\",\"HTTPCode_Target_4XX_Count\",\"LoadBalancer\",\"app/trya-platform-backend-dev-alb/a4e8be97c9a2d5bc\"],[\".\",\"HTTPCode_Target_5XX_Count\",\".\",\".\"]],\"period\":60,\"region\":\"us-east-1\",\"stat\":\"Sum\",\"title\":\"ALB - HTTP Errors\"},\"type\":\"metric\",\"width\":8,\"x\":16,\"y\":6}]}",
            "dashboard_name": "trya-platform-backend-dev",
            "id": "trya-platform-backend-dev"
          },
          "sensitive_attributes": [],
          "private": "bnVsbA==",
          "dependencies": [
            "data.aws_subnets.private",
            "data.aws_subnets.public",
            "data.aws_vpc.main",
            "module.alb.aws_lb.this",
            "module.alb.aws_lb_listener.http",
            "module.alb.aws_lb_listener.https",
            "module.alb.aws_lb_target_group.this",
            "module.alb.aws_security_group.alb",
            "module.aurora.aws_db_subnet_group.this",
            "module.aurora.aws_rds_cluster.this",
            "module.aurora.aws_security_group.aurora",
            "module.cloudwatch.data.aws_region.current",
            "module.ecr.aws_ecr_repository.this",
            "module.ecs.aws_cloudwatch_log_group.this",
            "module.ecs.aws_ecs_cluster.this",
            "module.ecs.aws_ecs_service.this",
            "module.ecs.aws_ecs_task_definition.this",
            "module.ecs.aws_iam_role.ecs_task_execution_role",
            "module.ecs.aws_iam_role.ecs_task_role",
            "module.ecs.aws_security_group.ecs_tasks",
            "module.ecs.data.aws_region.current"
          ]
        }
      ]
    },
    {
      "module": "module.cloudwatch",
      "mode": "managed",
      "type": "aws_cloudwatch_metric_alarm",
      "name": "alb_5xx_errors",
      "provider": "provider[\"registry.terraform.io/hashicorp/aws\"]",
      "instances": [
        {
          "index_key": 0,
          "schema_version": 1,
          "attributes": {
            "actions_enabled": true,
            "alarm_actions": [
              "arn:aws:sns:us-east-1:416684166863:trya-platform-backend-dev-alarms"
            ],
            "alarm_description": "ALB 5XX errors are high",
            "alarm_name": "trya-platform-backend-dev-alb-5xx-errors",
            "arn": "arn:aws:cloudwatch:us-east-1:416684166863:alarm:trya-platform-backend-dev-alb-5xx-errors",
            "comparison_operator": "GreaterThanThreshold",
            "datapoints_to_alarm": 0,
            "dimensions": {
              "LoadBalancer": "app/trya-platform-backend-dev-alb/a4e8be97c9a2d5bc"
            },
            "evaluate_low_sample_count_percentiles": "",
            "evaluation_periods": 2,
            "extended_statistic": "",
            "id": "trya-platform-backend-dev-alb-5xx-errors",
            "insufficient_data_actions": [],
            "metric_name": "HTTPCode_Target_5XX_Count",
            "metric_query": [],
            "namespace": "AWS/ApplicationELB",
            "ok_actions": [
              "arn:aws:sns:us-east-1:416684166863:trya-platform-backend-dev-alarms"
            ],
            "period": 300,
            "statistic": "Sum",
            "tags": {
              "Application": "Trya Platform",
              "CostCenter": "Engineering",
              "Environment": "dev",
              "ManagedBy": "terraform",
              "Project": "trya-platform-backend",
              "Team": "Platform"
            },
            "tags_all": {
              "Application": "Trya Platform",
              "CostCenter": "Engineering",
              "Environment": "dev",
              "ManagedBy": "terraform",
              "Project": "trya-platform-backend",
              "Team": "Platform"
            },
            "threshold": 10,
            "threshold_metric_id": "",
            "treat_missing_data": "missing",
            "unit": ""
          },
          "sensitive_attributes": [],
          "private": "eyJzY2hlbWFfdmVyc2lvbiI6IjEifQ==",
          "dependencies": [
            "data.aws_subnets.public",
            "data.aws_vpc.main",
            "module.alb.aws_lb.this",
            "module.alb.aws_security_group.alb",
            "module.cloudwatch.aws_sns_topic.alarms"
          ]
        }
      ]
    },
    {
      "module": "module.cloudwatch",
      "mode": "managed",
      "type": "aws_cloudwatch_metric_alarm",
      "name": "alb_response_time",
      "provider": "provider[\"registry.terraform.io/hashicorp/aws\"]",
      "instances": [
        {
          "index_key": 0,
          "schema_version": 1,
          "attributes": {
            "actions_enabled": true,
            "alarm_actions": [
              "arn:aws:sns:us-east-1:416684166863:trya-platform-backend-dev-alarms"
            ],
            "alarm_description": "ALB response time is high",
            "alarm_name": "trya-platform-backend-dev-alb-response-time",
            "arn": "arn:aws:cloudwatch:us-east-1:416684166863:alarm:trya-platform-backend-dev-alb-response-time",
            "comparison_operator": "GreaterThanThreshold",
            "datapoints_to_alarm": 0,
            "dimensions": {
              "LoadBalancer": "app/trya-platform-backend-dev-alb/a4e8be97c9a2d5bc"
            },
            "evaluate_low_sample_count_percentiles": "",
            "evaluation_periods": 3,
            "extended_statistic": "",
            "id": "trya-platform-backend-dev-alb-response-time",
            "insufficient_data_actions": [],
            "metric_name": "TargetResponseTime",
            "metric_query": [],
            "namespace": "AWS/ApplicationELB",
            "ok_actions": [
              "arn:aws:sns:us-east-1:416684166863:trya-platform-backend-dev-alarms"
            ],
            "period": 300,
            "statistic": "Average",
            "tags": {
              "Application": "Trya Platform",
              "CostCenter": "Engineering",
              "Environment": "dev",
              "ManagedBy": "terraform",
              "Project": "trya-platform-backend",
              "Team": "Platform"
            },
            "tags_all": {
              "Application": "Trya Platform",
              "CostCenter": "Engineering",
              "Environment": "dev",
              "ManagedBy": "terraform",
              "Project": "trya-platform-backend",
              "Team": "Platform"
            },
            "threshold": 2,
            "threshold_metric_id": "",
            "treat_missing_data": "missing",
            "unit": ""
          },
          "sensitive_attributes": [],
          "private": "eyJzY2hlbWFfdmVyc2lvbiI6IjEifQ==",
          "dependencies": [
            "data.aws_subnets.public",
            "data.aws_vpc.main",
            "module.alb.aws_lb.this",
            "module.alb.aws_security_group.alb",
            "module.cloudwatch.aws_sns_topic.alarms"
          ]
        }
      ]
    },
    {
      "module": "module.cloudwatch",
      "mode": "managed",
      "type": "aws_cloudwatch_metric_alarm",
      "name": "ecs_cpu_high",
      "provider": "provider[\"registry.terraform.io/hashicorp/aws\"]",
      "instances": [
        {
          "index_key": 0,
          "schema_version": 1,
          "attributes": {
            "actions_enabled": true,
            "alarm_actions": [
              "arn:aws:sns:us-east-1:416684166863:trya-platform-backend-dev-alarms"
            ],
            "alarm_description": "ECS service CPU utilization is high",
            "alarm_name": "trya-platform-backend-dev-service-cpu-high",
            "arn": "arn:aws:cloudwatch:us-east-1:416684166863:alarm:trya-platform-backend-dev-service-cpu-high",
            "comparison_operator": "GreaterThanThreshold",
            "datapoints_to_alarm": 0,
            "dimensions": {
              "ClusterName": "trya-platform-backend-dev-cluster",
              "ServiceName": "trya-platform-backend-dev-service"
            },
            "evaluate_low_sample_count_percentiles": "",
            "evaluation_periods": 3,
            "extended_statistic": "",
            "id": "trya-platform-backend-dev-service-cpu-high",
            "insufficient_data_actions": [],
            "metric_name": "CPUUtilization",
            "metric_query": [],
            "namespace": "AWS/ECS",
            "ok_actions": [
              "arn:aws:sns:us-east-1:416684166863:trya-platform-backend-dev-alarms"
            ],
            "period": 300,
            "statistic": "Average",
            "tags": {
              "Application": "Trya Platform",
              "CostCenter": "Engineering",
              "Environment": "dev",
              "ManagedBy": "terraform",
              "Project": "trya-platform-backend",
              "Team": "Platform"
            },
            "tags_all": {
              "Application": "Trya Platform",
              "CostCenter": "Engineering",
              "Environment": "dev",
              "ManagedBy": "terraform",
              "Project": "trya-platform-backend",
              "Team": "Platform"
            },
            "threshold": 80,
            "threshold_metric_id": "",
            "treat_missing_data": "missing",
            "unit": ""
          },
          "sensitive_attributes": [],
          "private": "eyJzY2hlbWFfdmVyc2lvbiI6IjEifQ==",
          "dependencies": [
            "data.aws_subnets.private",
            "data.aws_subnets.public",
            "data.aws_vpc.main",
            "module.alb.aws_lb.this",
            "module.alb.aws_lb_listener.http",
            "module.alb.aws_lb_listener.https",
            "module.alb.aws_lb_target_group.this",
            "module.alb.aws_security_group.alb",
            "module.aurora.aws_db_subnet_group.this",
            "module.aurora.aws_rds_cluster.this",
            "module.aurora.aws_security_group.aurora",
            "module.cloudwatch.aws_sns_topic.alarms",
            "module.ecr.aws_ecr_repository.this",
            "module.ecs.aws_cloudwatch_log_group.this",
            "module.ecs.aws_ecs_cluster.this",
            "module.ecs.aws_ecs_service.this",
            "module.ecs.aws_ecs_task_definition.this",
            "module.ecs.aws_iam_role.ecs_task_execution_role",
            "module.ecs.aws_iam_role.ecs_task_role",
            "module.ecs.aws_security_group.ecs_tasks",
            "module.ecs.data.aws_region.current"
          ]
        }
      ]
    },
    {
      "module": "module.cloudwatch",
      "mode": "managed",
      "type": "aws_cloudwatch_metric_alarm",
      "name": "ecs_memory_high",
      "provider": "provider[\"registry.terraform.io/hashicorp/aws\"]",
      "instances": [
        {
          "index_key": 0,
          "schema_version": 1,
          "attributes": {
            "actions_enabled": true,
            "alarm_actions": [
              "arn:aws:sns:us-east-1:416684166863:trya-platform-backend-dev-alarms"
            ],
            "alarm_description": "ECS service memory utilization is high",
            "alarm_name": "trya-platform-backend-dev-service-memory-high",
            "arn": "arn:aws:cloudwatch:us-east-1:416684166863:alarm:trya-platform-backend-dev-service-memory-high",
            "comparison_operator": "GreaterThanThreshold",
            "datapoints_to_alarm": 0,
            "dimensions": {
              "ClusterName": "trya-platform-backend-dev-cluster",
              "ServiceName": "trya-platform-backend-dev-service"
            },
            "evaluate_low_sample_count_percentiles": "",
            "evaluation_periods": 3,
            "extended_statistic": "",
            "id": "trya-platform-backend-dev-service-memory-high",
            "insufficient_data_actions": [],
            "metric_name": "MemoryUtilization",
            "metric_query": [],
            "namespace": "AWS/ECS",
            "ok_actions": [
              "arn:aws:sns:us-east-1:416684166863:trya-platform-backend-dev-alarms"
            ],
            "period": 300,
            "statistic": "Average",
            "tags": {
              "Application": "Trya Platform",
              "CostCenter": "Engineering",
              "Environment": "dev",
              "ManagedBy": "terraform",
              "Project": "trya-platform-backend",
              "Team": "Platform"
            },
            "tags_all": {
              "Application": "Trya Platform",
              "CostCenter": "Engineering",
              "Environment": "dev",
              "ManagedBy": "terraform",
              "Project": "trya-platform-backend",
              "Team": "Platform"
            },
            "threshold": 85,
            "threshold_metric_id": "",
            "treat_missing_data": "missing",
            "unit": ""
          },
          "sensitive_attributes": [],
          "private": "eyJzY2hlbWFfdmVyc2lvbiI6IjEifQ==",
          "dependencies": [
            "data.aws_subnets.private",
            "data.aws_subnets.public",
            "data.aws_vpc.main",
            "module.alb.aws_lb.this",
            "module.alb.aws_lb_listener.http",
            "module.alb.aws_lb_listener.https",
            "module.alb.aws_lb_target_group.this",
            "module.alb.aws_security_group.alb",
            "module.aurora.aws_db_subnet_group.this",
            "module.aurora.aws_rds_cluster.this",
            "module.aurora.aws_security_group.aurora",
            "module.cloudwatch.aws_sns_topic.alarms",
            "module.ecr.aws_ecr_repository.this",
            "module.ecs.aws_cloudwatch_log_group.this",
            "module.ecs.aws_ecs_cluster.this",
            "module.ecs.aws_ecs_service.this",
            "module.ecs.aws_ecs_task_definition.this",
            "module.ecs.aws_iam_role.ecs_task_execution_role",
            "module.ecs.aws_iam_role.ecs_task_role",
            "module.ecs.aws_security_group.ecs_tasks",
            "module.ecs.data.aws_region.current"
          ]
        }
      ]
    },
    {
      "module": "module.cloudwatch",
      "mode": "managed",
      "type": "aws_sns_topic",
      "name": "alarms",
      "provider": "provider[\"registry.terraform.io/hashicorp/aws\"]",
      "instances": [
        {
          "index_key": 0,
          "schema_version": 0,
          "attributes": {
            "application_failure_feedback_role_arn": "",
            "application_success_feedback_role_arn": "",
            "application_success_feedback_sample_rate": 0,
            "archive_policy": "",
            "arn": "arn:aws:sns:us-east-1:416684166863:trya-platform-backend-dev-alarms",
            "beginning_archive_time": "",
            "content_based_deduplication": false,
            "delivery_policy": "",
            "display_name": "",
            "fifo_throughput_scope": "",
            "fifo_topic": false,
            "firehose_failure_feedback_role_arn": "",
            "firehose_success_feedback_role_arn": "",
            "firehose_success_feedback_sample_rate": 0,
            "http_failure_feedback_role_arn": "",
            "http_success_feedback_role_arn": "",
            "http_success_feedback_sample_rate": 0,
            "id": "arn:aws:sns:us-east-1:416684166863:trya-platform-backend-dev-alarms",
            "kms_master_key_id": "",
            "lambda_failure_feedback_role_arn": "",
            "lambda_success_feedback_role_arn": "",
            "lambda_success_feedback_sample_rate": 0,
            "name": "trya-platform-backend-dev-alarms",
            "name_prefix": "",
            "owner": "416684166863",
            "policy": "{\"Id\":\"__default_policy_ID\",\"Statement\":[{\"Action\":[\"SNS:GetTopicAttributes\",\"SNS:SetTopicAttributes\",\"SNS:AddPermission\",\"SNS:RemovePermission\",\"SNS:DeleteTopic\",\"SNS:Subscribe\",\"SNS:ListSubscriptionsByTopic\",\"SNS:Publish\"],\"Condition\":{\"StringEquals\":{\"AWS:SourceOwner\":\"416684166863\"}},\"Effect\":\"Allow\",\"Principal\":{\"AWS\":\"*\"},\"Resource\":\"arn:aws:sns:us-east-1:416684166863:trya-platform-backend-dev-alarms\",\"Sid\":\"__default_statement_ID\"}],\"Version\":\"2008-10-17\"}",
            "signature_version": 0,
            "sqs_failure_feedback_role_arn": "",
            "sqs_success_feedback_role_arn": "",
            "sqs_success_feedback_sample_rate": 0,
            "tags": {
              "Application": "Trya Platform",
              "CostCenter": "Engineering",
              "Environment": "dev",
              "ManagedBy": "terraform",
              "Project": "trya-platform-backend",
              "Team": "Platform"
            },
            "tags_all": {
              "Application": "Trya Platform",
              "CostCenter": "Engineering",
              "Environment": "dev",
              "ManagedBy": "terraform",
              "Project": "trya-platform-backend",
              "Team": "Platform"
            },
            "tracing_config": ""
          },
          "sensitive_attributes": [],
          "private": "bnVsbA=="
        }
      ]
    },
    {
      "module": "module.ecr",
      "mode": "managed",
      "type": "aws_ecr_lifecycle_policy",
      "name": "this",
      "provider": "provider[\"registry.terraform.io/hashicorp/aws\"]",
      "instances": [
        {
          "schema_version": 0,
          "attributes": {
            "id": "trya-platform-backend-dev",
            "policy": "{\"rules\":[{\"action\":{\"type\":\"expire\"},\"description\":\"Keep last 15 images\",\"rulePriority\":1,\"selection\":{\"countNumber\":15,\"countType\":\"imageCountMoreThan\",\"tagStatus\":\"any\"}}]}",
            "registry_id": "416684166863",
            "repository": "trya-platform-backend-dev"
          },
          "sensitive_attributes": [],
          "private": "bnVsbA==",
          "dependencies": [
            "module.ecr.aws_ecr_repository.this"
          ]
        }
      ]
    },
    {
      "module": "module.ecr",
      "mode": "managed",
      "type": "aws_ecr_repository",
      "name": "this",
      "provider": "provider[\"registry.terraform.io/hashicorp/aws\"]",
      "instances": [
        {
          "schema_version": 0,
          "attributes": {
            "arn": "arn:aws:ecr:us-east-1:416684166863:repository/trya-platform-backend-dev",
            "encryption_configuration": [
              {
                "encryption_type": "AES256",
                "kms_key": ""
              }
            ],
            "force_delete": null,
            "id": "trya-platform-backend-dev",
            "image_scanning_configuration": [
              {
                "scan_on_push": true
              }
            ],
            "image_tag_mutability": "MUTABLE",
            "name": "trya-platform-backend-dev",
            "registry_id": "416684166863",
            "repository_url": "416684166863.dkr.ecr.us-east-1.amazonaws.com/trya-platform-backend-dev",
            "tags": {
              "Application": "Trya Platform",
              "CostCenter": "Engineering",
              "Environment": "dev",
              "ManagedBy": "terraform",
              "Name": "trya-platform-backend-dev",
              "Project": "trya-platform-backend",
              "Team": "Platform"
            },
            "tags_all": {
              "Application": "Trya Platform",
              "CostCenter": "Engineering",
              "Environment": "dev",
              "ManagedBy": "terraform",
              "Name": "trya-platform-backend-dev",
              "Project": "trya-platform-backend",
              "Team": "Platform"
            },
            "timeouts": null
          },
          "sensitive_attributes": [],
          "private": "eyJlMmJmYjczMC1lY2FhLTExZTYtOGY4OC0zNDM2M2JjN2M0YzAiOnsiZGVsZXRlIjoxMjAwMDAwMDAwMDAwfX0="
        }
      ]
    },
    {
      "module": "module.ecs",
      "mode": "data",
      "type": "aws_region",
      "name": "current",
      "provider": "provider[\"registry.terraform.io/hashicorp/aws\"]",
      "instances": [
        {
          "schema_version": 0,
          "attributes": {
            "description": "US East (N. Virginia)",
            "endpoint": "ec2.us-east-1.amazonaws.com",
            "id": "us-east-1",
            "name": "us-east-1"
          },
          "sensitive_attributes": []
        }
      ]
    },
    {
      "module": "module.ecs",
      "mode": "managed",
      "type": "aws_appautoscaling_policy",
      "name": "ecs_cpu",
      "provider": "provider[\"registry.terraform.io/hashicorp/aws\"]",
      "instances": [
        {
          "index_key": 0,
          "schema_version": 0,
          "attributes": {
            "alarm_arns": [
              "arn:aws:cloudwatch:us-east-1:416684166863:alarm:TargetTracking-service/trya-platform-backend-dev-cluster/trya-platform-backend-dev-service-AlarmHigh-3b0a784d-b5d7-4f1c-b4fa-1935badddec2",
              "arn:aws:cloudwatch:us-east-1:416684166863:alarm:TargetTracking-service/trya-platform-backend-dev-cluster/trya-platform-backend-dev-service-AlarmLow-ff4cbfac-b767-44bc-a963-69c3016e0abf"
            ],
            "arn": "arn:aws:autoscaling:us-east-1:416684166863:scalingPolicy:cf467168-b0b1-4090-b88d-38791a65eb8f:resource/ecs/service/trya-platform-backend-dev-cluster/trya-platform-backend-dev-service:policyName/trya-platform-backend-dev-service-cpu-autoscaling",
            "id": "trya-platform-backend-dev-service-cpu-autoscaling",
            "name": "trya-platform-backend-dev-service-cpu-autoscaling",
            "policy_type": "TargetTrackingScaling",
            "resource_id": "service/trya-platform-backend-dev-cluster/trya-platform-backend-dev-service",
            "scalable_dimension": "ecs:service:DesiredCount",
            "service_namespace": "ecs",
            "step_scaling_policy_configuration": [],
            "target_tracking_scaling_policy_configuration": [
              {
                "customized_metric_specification": [],
                "disable_scale_in": false,
                "predefined_metric_specification": [
                  {
                    "predefined_metric_type": "ECSServiceAverageCPUUtilization",
                    "resource_label": ""
                  }
                ],
                "scale_in_cooldown": 300,
                "scale_out_cooldown": 60,
                "target_value": 70
              }
            ]
          },
          "sensitive_attributes": [],
          "private": "bnVsbA==",
          "dependencies": [
            "data.aws_subnets.private",
            "data.aws_subnets.public",
            "data.aws_vpc.main",
            "module.alb.aws_lb.this",
            "module.alb.aws_lb_listener.http",
            "module.alb.aws_lb_listener.https",
            "module.alb.aws_lb_target_group.this",
            "module.alb.aws_security_group.alb",
            "module.aurora.aws_db_subnet_group.this",
            "module.aurora.aws_rds_cluster.this",
            "module.aurora.aws_security_group.aurora",
            "module.ecr.aws_ecr_repository.this",
            "module.ecs.aws_appautoscaling_target.ecs",
            "module.ecs.aws_cloudwatch_log_group.this",
            "module.ecs.aws_ecs_cluster.this",
            "module.ecs.aws_ecs_service.this",
            "module.ecs.aws_ecs_task_definition.this",
            "module.ecs.aws_iam_role.ecs_task_execution_role",
            "module.ecs.aws_iam_role.ecs_task_role",
            "module.ecs.aws_security_group.ecs_tasks",
            "module.ecs.data.aws_region.current"
          ]
        }
      ]
    },
    {
      "module": "module.ecs",
      "mode": "managed",
      "type": "aws_appautoscaling_policy",
      "name": "ecs_memory",
      "provider": "provider[\"registry.terraform.io/hashicorp/aws\"]",
      "instances": [
        {
          "index_key": 0,
          "schema_version": 0,
          "attributes": {
            "alarm_arns": [
              "arn:aws:cloudwatch:us-east-1:416684166863:alarm:TargetTracking-service/trya-platform-backend-dev-cluster/trya-platform-backend-dev-service-AlarmHigh-7175b979-f5b5-4ef5-a98e-9fde7c4e8d1e",
              "arn:aws:cloudwatch:us-east-1:416684166863:alarm:TargetTracking-service/trya-platform-backend-dev-cluster/trya-platform-backend-dev-service-AlarmLow-1b8710a7-1577-4802-b95a-6854a1c46b9f"
            ],
            "arn": "arn:aws:autoscaling:us-east-1:416684166863:scalingPolicy:cf467168-b0b1-4090-b88d-38791a65eb8f:resource/ecs/service/trya-platform-backend-dev-cluster/trya-platform-backend-dev-service:policyName/trya-platform-backend-dev-service-memory-autoscaling",
            "id": "trya-platform-backend-dev-service-memory-autoscaling",
            "name": "trya-platform-backend-dev-service-memory-autoscaling",
            "policy_type": "TargetTrackingScaling",
            "resource_id": "service/trya-platform-backend-dev-cluster/trya-platform-backend-dev-service",
            "scalable_dimension": "ecs:service:DesiredCount",
            "service_namespace": "ecs",
            "step_scaling_policy_configuration": [],
            "target_tracking_scaling_policy_configuration": [
              {
                "customized_metric_specification": [],
                "disable_scale_in": false,
                "predefined_metric_specification": [
                  {
                    "predefined_metric_type": "ECSServiceAverageMemoryUtilization",
                    "resource_label": ""
                  }
                ],
                "scale_in_cooldown": 300,
                "scale_out_cooldown": 60,
                "target_value": 80
              }
            ]
          },
          "sensitive_attributes": [],
          "private": "bnVsbA==",
          "dependencies": [
            "data.aws_subnets.private",
            "data.aws_subnets.public",
            "data.aws_vpc.main",
            "module.alb.aws_lb.this",
            "module.alb.aws_lb_listener.http",
            "module.alb.aws_lb_listener.https",
            "module.alb.aws_lb_target_group.this",
            "module.alb.aws_security_group.alb",
            "module.aurora.aws_db_subnet_group.this",
            "module.aurora.aws_rds_cluster.this",
            "module.aurora.aws_security_group.aurora",
            "module.ecr.aws_ecr_repository.this",
            "module.ecs.aws_appautoscaling_target.ecs",
            "module.ecs.aws_cloudwatch_log_group.this",
            "module.ecs.aws_ecs_cluster.this",
            "module.ecs.aws_ecs_service.this",
            "module.ecs.aws_ecs_task_definition.this",
            "module.ecs.aws_iam_role.ecs_task_execution_role",
            "module.ecs.aws_iam_role.ecs_task_role",
            "module.ecs.aws_security_group.ecs_tasks",
            "module.ecs.data.aws_region.current"
          ]
        }
      ]
    },
    {
      "module": "module.ecs",
      "mode": "managed",
      "type": "aws_appautoscaling_target",
      "name": "ecs",
      "provider": "provider[\"registry.terraform.io/hashicorp/aws\"]",
      "instances": [
        {
          "index_key": 0,
          "schema_version": 0,
          "attributes": {
            "arn": "arn:aws:application-autoscaling:us-east-1:416684166863:scalable-target/0ec5cf467168b0b14090b88d38791a65eb8f",
            "id": "service/trya-platform-backend-dev-cluster/trya-platform-backend-dev-service",
            "max_capacity": 4,
            "min_capacity": 1,
            "resource_id": "service/trya-platform-backend-dev-cluster/trya-platform-backend-dev-service",
            "role_arn": "arn:aws:iam::416684166863:role/aws-service-role/ecs.application-autoscaling.amazonaws.com/AWSServiceRoleForApplicationAutoScaling_ECSService",
            "scalable_dimension": "ecs:service:DesiredCount",
            "service_namespace": "ecs",
            "suspended_state": [
              {
                "dynamic_scaling_in_suspended": false,
                "dynamic_scaling_out_suspended": false,
                "scheduled_scaling_suspended": false
              }
            ],
            "tags": {},
            "tags_all": {
              "Environment": "dev",
              "ManagedBy": "terraform",
              "Project": "trya-platform-backend"
            }
          },
          "sensitive_attributes": [],
          "private": "bnVsbA==",
          "dependencies": [
            "data.aws_subnets.private",
            "data.aws_subnets.public",
            "data.aws_vpc.main",
            "module.alb.aws_lb.this",
            "module.alb.aws_lb_listener.http",
            "module.alb.aws_lb_listener.https",
            "module.alb.aws_lb_target_group.this",
            "module.alb.aws_security_group.alb",
            "module.aurora.aws_db_subnet_group.this",
            "module.aurora.aws_rds_cluster.this",
            "module.aurora.aws_security_group.aurora",
            "module.ecr.aws_ecr_repository.this",
            "module.ecs.aws_cloudwatch_log_group.this",
            "module.ecs.aws_ecs_cluster.this",
            "module.ecs.aws_ecs_service.this",
            "module.ecs.aws_ecs_task_definition.this",
            "module.ecs.aws_iam_role.ecs_task_execution_role",
            "module.ecs.aws_iam_role.ecs_task_role",
            "module.ecs.aws_security_group.ecs_tasks",
            "module.ecs.data.aws_region.current"
          ]
        }
      ]
    },
    {
      "module": "module.ecs",
      "mode": "managed",
      "type": "aws_cloudwatch_log_group",
      "name": "this",
      "provider": "provider[\"registry.terraform.io/hashicorp/aws\"]",
      "instances": [
        {
          "schema_version": 0,
          "attributes": {
            "arn": "arn:aws:logs:us-east-1:416684166863:log-group:/ecs/trya-platform-backend-dev-service",
            "id": "/ecs/trya-platform-backend-dev-service",
            "kms_key_id": "",
            "log_group_class": "STANDARD",
            "name": "/ecs/trya-platform-backend-dev-service",
            "name_prefix": "",
            "retention_in_days": 30,
            "skip_destroy": false,
            "tags": {
              "Application": "Trya Platform",
              "CostCenter": "Engineering",
              "Environment": "dev",
              "ManagedBy": "terraform",
              "Project": "trya-platform-backend",
              "Team": "Platform"
            },
            "tags_all": {
              "Application": "Trya Platform",
              "CostCenter": "Engineering",
              "Environment": "dev",
              "ManagedBy": "terraform",
              "Project": "trya-platform-backend",
              "Team": "Platform"
            }
          },
          "sensitive_attributes": [],
          "private": "bnVsbA==",
          "dependencies": [
            "data.aws_subnets.public",
            "data.aws_vpc.main",
            "module.alb.aws_lb.this",
            "module.alb.aws_lb_listener.http",
            "module.alb.aws_lb_listener.https",
            "module.alb.aws_lb_target_group.this",
            "module.alb.aws_security_group.alb"
          ]
        }
      ]
    },
    {
      "module": "module.ecs",
      "mode": "managed",
      "type": "aws_ecs_cluster",
      "name": "this",
      "provider": "provider[\"registry.terraform.io/hashicorp/aws\"]",
      "instances": [
        {
          "schema_version": 0,
          "attributes": {
            "arn": "arn:aws:ecs:us-east-1:416684166863:cluster/trya-platform-backend-dev-cluster",
            "configuration": [],
            "id": "arn:aws:ecs:us-east-1:416684166863:cluster/trya-platform-backend-dev-cluster",
            "name": "trya-platform-backend-dev-cluster",
            "service_connect_defaults": [],
            "setting": [
              {
                "name": "containerInsights",
                "value": "enabled"
              }
            ],
            "tags": {
              "Application": "Trya Platform",
              "CostCenter": "Engineering",
              "Environment": "dev",
              "ManagedBy": "terraform",
              "Name": "trya-platform-backend-dev-cluster",
              "Project": "trya-platform-backend",
              "Team": "Platform"
            },
            "tags_all": {
              "Application": "Trya Platform",
              "CostCenter": "Engineering",
              "Environment": "dev",
              "ManagedBy": "terraform",
              "Name": "trya-platform-backend-dev-cluster",
              "Project": "trya-platform-backend",
              "Team": "Platform"
            }
          },
          "sensitive_attributes": [],
          "private": "bnVsbA==",
          "dependencies": [
            "data.aws_subnets.public",
            "data.aws_vpc.main",
            "module.alb.aws_lb.this",
            "module.alb.aws_lb_listener.http",
            "module.alb.aws_lb_listener.https",
            "module.alb.aws_lb_target_group.this",
            "module.alb.aws_security_group.alb"
          ]
        }
      ]
    },
    {
      "module": "module.ecs",
      "mode": "managed",
      "type": "aws_ecs_cluster_capacity_providers",
      "name": "this",
      "provider": "provider[\"registry.terraform.io/hashicorp/aws\"]",
      "instances": [
        {
          "schema_version": 0,
          "attributes": {
            "capacity_providers": [
              "FARGATE",
              "FARGATE_SPOT"
            ],
            "cluster_name": "trya-platform-backend-dev-cluster",
            "default_capacity_provider_strategy": [
              {
                "base": 0,
                "capacity_provider": "FARGATE_SPOT",
                "weight": 2
              },
              {
                "base": 1,
                "capacity_provider": "FARGATE",
                "weight": 1
              }
            ],
            "id": "trya-platform-backend-dev-cluster"
          },
          "sensitive_attributes": [],
          "private": "bnVsbA==",
          "dependencies": [
            "data.aws_subnets.public",
            "data.aws_vpc.main",
            "module.alb.aws_lb.this",
            "module.alb.aws_lb_listener.http",
            "module.alb.aws_lb_listener.https",
            "module.alb.aws_lb_target_group.this",
            "module.alb.aws_security_group.alb",
            "module.ecs.aws_ecs_cluster.this"
          ]
        }
      ]
    },
    {
      "module": "module.ecs",
      "mode": "managed",
      "type": "aws_ecs_service",
      "name": "this",
      "provider": "provider[\"registry.terraform.io/hashicorp/aws\"]",
      "instances": [
        {
          "schema_version": 1,
          "attributes": {
            "alarms": [],
            "availability_zone_rebalancing": "DISABLED",
            "capacity_provider_strategy": [
              {
                "base": 0,
                "capacity_provider": "FARGATE_SPOT",
                "weight": 2
              },
              {
                "base": 1,
                "capacity_provider": "FARGATE",
                "weight": 1
              }
            ],
            "cluster": "arn:aws:ecs:us-east-1:416684166863:cluster/trya-platform-backend-dev-cluster",
            "deployment_circuit_breaker": [
              {
                "enable": true,
                "rollback": true
              }
            ],
            "deployment_controller": [
              {
                "type": "ECS"
              }
            ],
            "deployment_maximum_percent": 200,
            "deployment_minimum_healthy_percent": 100,
            "desired_count": 1,
            "enable_ecs_managed_tags": false,
            "enable_execute_command": true,
            "force_delete": null,
            "force_new_deployment": null,
            "health_check_grace_period_seconds": 0,
            "iam_role": "/aws-service-role/ecs.amazonaws.com/AWSServiceRoleForECS",
            "id": "arn:aws:ecs:us-east-1:416684166863:service/trya-platform-backend-dev-cluster/trya-platform-backend-dev-service",
            "launch_type": "",
            "load_balancer": [
              {
                "container_name": "trya-platform-backend",
                "container_port": 3000,
                "elb_name": "",
                "target_group_arn": "arn:aws:elasticloadbalancing:us-east-1:416684166863:targetgroup/trya-platform-backend-dev-alb-tg/5cee2a45afc661a3"
              }
            ],
            "name": "trya-platform-backend-dev-service",
            "network_configuration": [
              {
                "assign_public_ip": true,
                "security_groups": [
                  "sg-05e3c6b648f5d9193"
                ],
                "subnets": [
                  "subnet-086fc061e53c37c3a",
                  "subnet-0bee6b992a1e42a6b",
                  "subnet-0e24669b3bdad590a"
                ]
              }
            ],
            "ordered_placement_strategy": [],
            "placement_constraints": [],
            "platform_version": "LATEST",
            "propagate_tags": "SERVICE",
            "scheduling_strategy": "REPLICA",
            "service_connect_configuration": [],
            "service_registries": [],
            "tags": {
              "Application": "Trya Platform",
              "CostCenter": "Engineering",
              "Environment": "dev",
              "ManagedBy": "terraform",
              "Project": "trya-platform-backend",
              "Team": "Platform"
            },
            "tags_all": {
              "Application": "Trya Platform",
              "CostCenter": "Engineering",
              "Environment": "dev",
              "ManagedBy": "terraform",
              "Project": "trya-platform-backend",
              "Team": "Platform"
            },
            "task_definition": "arn:aws:ecs:us-east-1:416684166863:task-definition/trya-platform-backend-dev-service:7",
            "timeouts": null,
            "triggers": {},
            "volume_configuration": [],
            "vpc_lattice_configurations": [],
            "wait_for_steady_state": false
          },
          "sensitive_attributes": [],
          "private": "eyJlMmJmYjczMC1lY2FhLTExZTYtOGY4OC0zNDM2M2JjN2M0YzAiOnsiY3JlYXRlIjoxMjAwMDAwMDAwMDAwLCJkZWxldGUiOjEyMDAwMDAwMDAwMDAsInVwZGF0ZSI6MTIwMDAwMDAwMDAwMH0sInNjaGVtYV92ZXJzaW9uIjoiMSJ9",
          "dependencies": [
            "data.aws_subnets.private",
            "data.aws_subnets.public",
            "data.aws_vpc.main",
            "module.alb.aws_lb.this",
            "module.alb.aws_lb_listener.http",
            "module.alb.aws_lb_listener.https",
            "module.alb.aws_lb_target_group.this",
            "module.alb.aws_security_group.alb",
            "module.aurora.aws_rds_cluster.this",
            "module.ecr.aws_ecr_repository.this",
            "module.ecs.aws_cloudwatch_log_group.this",
            "module.ecs.aws_ecs_cluster.this",
            "module.ecs.aws_ecs_task_definition.this",
            "module.ecs.aws_iam_role.ecs_task_execution_role",
            "module.ecs.aws_iam_role.ecs_task_role",
            "module.ecs.aws_security_group.ecs_tasks",
            "module.ecs.data.aws_region.current"
          ]
        }
      ]
    },
    {
      "module": "module.ecs",
      "mode": "managed",
      "type": "aws_ecs_task_definition",
      "name": "this",
      "provider": "provider[\"registry.terraform.io/hashicorp/aws\"]",
      "instances": [
        {
          "schema_version": 1,
          "attributes": {
            "arn": "arn:aws:ecs:us-east-1:416684166863:task-definition/trya-platform-backend-dev-service:7",
            "arn_without_revision": "arn:aws:ecs:us-east-1:416684166863:task-definition/trya-platform-backend-dev-service",
            "container_definitions": "[{\"environment\":[{\"name\":\"AWS_REGION\",\"value\":\"us-east-1\"},{\"name\":\"AWS_S3_BUCKET_NAME\",\"value\":\"trya-platform-files\"},{\"name\":\"AWS_SES_FROM_EMAIL\",\"value\":\"gustavoborges@skopiadigital.com.br\"},{\"name\":\"AWS_SES_FROM_NAME\",\"value\":\"Trya Health\"},{\"name\":\"COGNITO_CLIENT_ID\",\"value\":\"18rl6grdm852fmiu6i9b6fopk5\"},{\"name\":\"COGNITO_USER_POOL_ID\",\"value\":\"us-east-1_JD8LqDLno\"},{\"name\":\"CORS_CREDENTIALS\",\"value\":\"true\"},{\"name\":\"CORS_ORIGIN\",\"value\":\"http://localhost:3000,https://d2frhe3dioiltz.cloudfront.net\"},{\"name\":\"DB_HOST\",\"value\":\"trya-backend-dev-aurora.cluster-c0l4y2syc0wl.us-east-1.rds.amazonaws.com\"},{\"name\":\"DB_NAME\",\"value\":\"trya\"},{\"name\":\"DB_PASSWORD\",\"value\":\"TryaDB2024!Secure\"},{\"name\":\"DB_PORT\",\"value\":\"5432\"},{\"name\":\"DB_SCHEMA\",\"value\":\"platform_dev\"},{\"name\":\"DB_USERNAME\",\"value\":\"postgres\"},{\"name\":\"FRONTEND_URL\",\"value\":\"http://localhost:3000/login\"},{\"name\":\"JWT_EXPIRATION\",\"value\":\"3600\"},{\"name\":\"JWT_SECRET\",\"value\":\"IlVjvtNyncvdfNiG7Fkoa8GNr4xx2yFgW1BnOuVZeW0=\"},{\"name\":\"NODE_ENV\",\"value\":\"development\"},{\"name\":\"NOTIFICATION_SERVICE\",\"value\":\"ses\"},{\"name\":\"PORT\",\"value\":\"3000\"}],\"essential\":true,\"image\":\"416684166863.dkr.ecr.us-east-1.amazonaws.com/trya-platform-backend-dev:latest\",\"logConfiguration\":{\"logDriver\":\"awslogs\",\"options\":{\"awslogs-group\":\"/ecs/trya-platform-backend-dev-service\",\"awslogs-region\":\"us-east-1\",\"awslogs-stream-prefix\":\"ecs\"}},\"mountPoints\":[],\"name\":\"trya-platform-backend\",\"portMappings\":[{\"containerPort\":3000,\"hostPort\":3000,\"protocol\":\"tcp\"}],\"secrets\":[],\"systemControls\":[],\"volumesFrom\":[]}]",
            "cpu": "512",
            "enable_fault_injection": false,
            "ephemeral_storage": [],
            "execution_role_arn": "arn:aws:iam::416684166863:role/trya-platform-backend-dev-service-ecs-task-execution-role",
            "family": "trya-platform-backend-dev-service",
            "id": "trya-platform-backend-dev-service",
            "inference_accelerator": [],
            "ipc_mode": "",
            "memory": "1024",
            "network_mode": "awsvpc",
            "pid_mode": "",
            "placement_constraints": [],
            "proxy_configuration": [],
            "requires_compatibilities": [
              "FARGATE"
            ],
            "revision": 7,
            "runtime_platform": [],
            "skip_destroy": false,
            "tags": {
              "Application": "Trya Platform",
              "CostCenter": "Engineering",
              "Environment": "dev",
              "ManagedBy": "terraform",
              "Project": "trya-platform-backend",
              "Team": "Platform"
            },
            "tags_all": {
              "Application": "Trya Platform",
              "CostCenter": "Engineering",
              "Environment": "dev",
              "ManagedBy": "terraform",
              "Project": "trya-platform-backend",
              "Team": "Platform"
            },
            "task_role_arn": "arn:aws:iam::416684166863:role/trya-platform-backend-dev-service-ecs-task-role",
            "track_latest": false,
            "volume": []
          },
          "sensitive_attributes": [
            [
              {
                "type": "get_attr",
                "value": "container_definitions"
              }
            ]
          ],
          "private": "eyJzY2hlbWFfdmVyc2lvbiI6IjEifQ==",
          "dependencies": [
            "data.aws_subnets.public",
            "data.aws_vpc.main",
            "module.alb.aws_lb.this",
            "module.alb.aws_lb_listener.http",
            "module.alb.aws_lb_listener.https",
            "module.alb.aws_lb_target_group.this",
            "module.alb.aws_security_group.alb",
            "module.aurora.aws_rds_cluster.this",
            "module.ecr.aws_ecr_repository.this",
            "module.ecs.aws_cloudwatch_log_group.this",
            "module.ecs.aws_iam_role.ecs_task_execution_role",
            "module.ecs.aws_iam_role.ecs_task_role",
            "module.ecs.data.aws_region.current"
          ]
        }
      ]
    },
    {
      "module": "module.ecs",
      "mode": "managed",
      "type": "aws_iam_role",
      "name": "ecs_task_execution_role",
      "provider": "provider[\"registry.terraform.io/hashicorp/aws\"]",
      "instances": [
        {
          "schema_version": 0,
          "attributes": {
            "arn": "arn:aws:iam::416684166863:role/trya-platform-backend-dev-service-ecs-task-execution-role",
            "assume_role_policy": "{\"Statement\":[{\"Action\":\"sts:AssumeRole\",\"Effect\":\"Allow\",\"Principal\":{\"Service\":\"ecs-tasks.amazonaws.com\"}}],\"Version\":\"2012-10-17\"}",
            "create_date": "2025-12-15T20:56:40Z",
            "description": "",
            "force_detach_policies": false,
            "id": "trya-platform-backend-dev-service-ecs-task-execution-role",
            "inline_policy": [],
            "managed_policy_arns": [
              "arn:aws:iam::aws:policy/service-role/AmazonECSTaskExecutionRolePolicy"
            ],
            "max_session_duration": 3600,
            "name": "trya-platform-backend-dev-service-ecs-task-execution-role",
            "name_prefix": "",
            "path": "/",
            "permissions_boundary": "",
            "tags": {
              "Application": "Trya Platform",
              "CostCenter": "Engineering",
              "Environment": "dev",
              "ManagedBy": "terraform",
              "Project": "trya-platform-backend",
              "Team": "Platform"
            },
            "tags_all": {
              "Application": "Trya Platform",
              "CostCenter": "Engineering",
              "Environment": "dev",
              "ManagedBy": "terraform",
              "Project": "trya-platform-backend",
              "Team": "Platform"
            },
            "unique_id": "AROAWCBCPZ3HYI5GRCAQ2"
          },
          "sensitive_attributes": [],
          "private": "bnVsbA==",
          "dependencies": [
            "data.aws_subnets.public",
            "data.aws_vpc.main",
            "module.alb.aws_lb.this",
            "module.alb.aws_lb_listener.http",
            "module.alb.aws_lb_listener.https",
            "module.alb.aws_lb_target_group.this",
            "module.alb.aws_security_group.alb"
          ]
        }
      ]
    },
    {
      "module": "module.ecs",
      "mode": "managed",
      "type": "aws_iam_role",
      "name": "ecs_task_role",
      "provider": "provider[\"registry.terraform.io/hashicorp/aws\"]",
      "instances": [
        {
          "schema_version": 0,
          "attributes": {
            "arn": "arn:aws:iam::416684166863:role/trya-platform-backend-dev-service-ecs-task-role",
            "assume_role_policy": "{\"Statement\":[{\"Action\":\"sts:AssumeRole\",\"Effect\":\"Allow\",\"Principal\":{\"Service\":\"ecs-tasks.amazonaws.com\"}}],\"Version\":\"2012-10-17\"}",
            "create_date": "2025-12-15T20:56:40Z",
            "description": "",
            "force_detach_policies": false,
            "id": "trya-platform-backend-dev-service-ecs-task-role",
            "inline_policy": [
              {
                "name": "trya-platform-backend-dev-service-ecs-task-policy",
                "policy": "{\"Version\":\"2012-10-17\",\"Statement\":[{\"Action\":[\"cognito-idp:*\",\"cognito-identity:*\"],\"Effect\":\"Allow\",\"Resource\":\"*\"},{\"Action\":[\"dynamodb:GetItem\",\"dynamodb:PutItem\",\"dynamodb:UpdateItem\",\"dynamodb:DeleteItem\",\"dynamodb:Query\",\"dynamodb:Scan\"],\"Effect\":\"Allow\",\"Resource\":\"*\"},{\"Action\":[\"ses:SendEmail\",\"ses:SendRawEmail\"],\"Effect\":\"Allow\",\"Resource\":\"*\"},{\"Action\":[\"sns:Publish\"],\"Effect\":\"Allow\",\"Resource\":\"*\"},{\"Action\":[\"s3:GetObject\",\"s3:PutObject\",\"s3:DeleteObject\",\"s3:ListBucket\"],\"Effect\":\"Allow\",\"Resource\":\"*\"},{\"Action\":[\"bedrock:InvokeModel\",\"bedrock:InvokeModelWithResponseStream\"],\"Effect\":\"Allow\",\"Resource\":\"*\"},{\"Action\":[\"textract:AnalyzeDocument\",\"textract:DetectDocumentText\",\"textract:StartDocumentAnalysis\",\"textract:GetDocumentAnalysis\"],\"Effect\":\"Allow\",\"Resource\":\"*\"},{\"Action\":[\"transcribe:StartTranscriptionJob\",\"transcribe:GetTranscriptionJob\",\"transcribe:ListTranscriptionJobs\"],\"Effect\":\"Allow\",\"Resource\":\"*\"},{\"Action\":[\"lambda:InvokeFunction\"],\"Effect\":\"Allow\",\"Resource\":\"*\"},{\"Action\":[\"secretsmanager:GetSecretValue\"],\"Effect\":\"Allow\",\"Resource\":\"*\"}]}"
              }
            ],
            "managed_policy_arns": [],
            "max_session_duration": 3600,
            "name": "trya-platform-backend-dev-service-ecs-task-role",
            "name_prefix": "",
            "path": "/",
            "permissions_boundary": "",
            "tags": {
              "Application": "Trya Platform",
              "CostCenter": "Engineering",
              "Environment": "dev",
              "ManagedBy": "terraform",
              "Project": "trya-platform-backend",
              "Team": "Platform"
            },
            "tags_all": {
              "Application": "Trya Platform",
              "CostCenter": "Engineering",
              "Environment": "dev",
              "ManagedBy": "terraform",
              "Project": "trya-platform-backend",
              "Team": "Platform"
            },
            "unique_id": "AROAWCBCPZ3HQXGJBGEOB"
          },
          "sensitive_attributes": [],
          "private": "bnVsbA==",
          "dependencies": [
            "data.aws_subnets.public",
            "data.aws_vpc.main",
            "module.alb.aws_lb.this",
            "module.alb.aws_lb_listener.http",
            "module.alb.aws_lb_listener.https",
            "module.alb.aws_lb_target_group.this",
            "module.alb.aws_security_group.alb"
          ]
        }
      ]
    },
    {
      "module": "module.ecs",
      "mode": "managed",
      "type": "aws_iam_role_policy",
      "name": "ecs_task_policy",
      "provider": "provider[\"registry.terraform.io/hashicorp/aws\"]",
      "instances": [
        {
          "schema_version": 0,
          "attributes": {
            "id": "trya-platform-backend-dev-service-ecs-task-role:trya-platform-backend-dev-service-ecs-task-policy",
            "name": "trya-platform-backend-dev-service-ecs-task-policy",
            "name_prefix": "",
            "policy": "{\"Version\":\"2012-10-17\",\"Statement\":[{\"Action\":[\"cognito-idp:*\",\"cognito-identity:*\"],\"Effect\":\"Allow\",\"Resource\":\"*\"},{\"Action\":[\"dynamodb:GetItem\",\"dynamodb:PutItem\",\"dynamodb:UpdateItem\",\"dynamodb:DeleteItem\",\"dynamodb:Query\",\"dynamodb:Scan\"],\"Effect\":\"Allow\",\"Resource\":\"*\"},{\"Action\":[\"ses:SendEmail\",\"ses:SendRawEmail\"],\"Effect\":\"Allow\",\"Resource\":\"*\"},{\"Action\":[\"sns:Publish\"],\"Effect\":\"Allow\",\"Resource\":\"*\"},{\"Action\":[\"s3:GetObject\",\"s3:PutObject\",\"s3:DeleteObject\",\"s3:ListBucket\"],\"Effect\":\"Allow\",\"Resource\":\"*\"},{\"Action\":[\"bedrock:InvokeModel\",\"bedrock:InvokeModelWithResponseStream\"],\"Effect\":\"Allow\",\"Resource\":\"*\"},{\"Action\":[\"textract:AnalyzeDocument\",\"textract:DetectDocumentText\",\"textract:StartDocumentAnalysis\",\"textract:GetDocumentAnalysis\"],\"Effect\":\"Allow\",\"Resource\":\"*\"},{\"Action\":[\"transcribe:StartTranscriptionJob\",\"transcribe:GetTranscriptionJob\",\"transcribe:ListTranscriptionJobs\"],\"Effect\":\"Allow\",\"Resource\":\"*\"},{\"Action\":[\"lambda:InvokeFunction\"],\"Effect\":\"Allow\",\"Resource\":\"*\"},{\"Action\":[\"secretsmanager:GetSecretValue\"],\"Effect\":\"Allow\",\"Resource\":\"*\"}]}",
            "role": "trya-platform-backend-dev-service-ecs-task-role"
          },
          "sensitive_attributes": [],
          "private": "bnVsbA==",
          "dependencies": [
            "data.aws_subnets.public",
            "data.aws_vpc.main",
            "module.alb.aws_lb.this",
            "module.alb.aws_lb_listener.http",
            "module.alb.aws_lb_listener.https",
            "module.alb.aws_lb_target_group.this",
            "module.alb.aws_security_group.alb",
            "module.ecs.aws_iam_role.ecs_task_role"
          ]
        }
      ]
    },
    {
      "module": "module.ecs",
      "mode": "managed",
      "type": "aws_iam_role_policy_attachment",
      "name": "ecs_task_execution_role_policy",
      "provider": "provider[\"registry.terraform.io/hashicorp/aws\"]",
      "instances": [
        {
          "schema_version": 0,
          "attributes": {
            "id": "trya-platform-backend-dev-service-ecs-task-execution-role-20251215205636664500000001",
            "policy_arn": "arn:aws:iam::aws:policy/service-role/AmazonECSTaskExecutionRolePolicy",
            "role": "trya-platform-backend-dev-service-ecs-task-execution-role"
          },
          "sensitive_attributes": [],
          "private": "bnVsbA==",
          "dependencies": [
            "data.aws_subnets.public",
            "data.aws_vpc.main",
            "module.alb.aws_lb.this",
            "module.alb.aws_lb_listener.http",
            "module.alb.aws_lb_listener.https",
            "module.alb.aws_lb_target_group.this",
            "module.alb.aws_security_group.alb",
            "module.ecs.aws_iam_role.ecs_task_execution_role"
          ]
        }
      ]
    },
    {
      "module": "module.ecs",
      "mode": "managed",
      "type": "aws_security_group",
      "name": "ecs_tasks",
      "provider": "provider[\"registry.terraform.io/hashicorp/aws\"]",
      "instances": [
        {
          "schema_version": 1,
          "attributes": {
            "arn": "arn:aws:ec2:us-east-1:416684166863:security-group/sg-05e3c6b648f5d9193",
            "description": "Security group for ECS tasks",
            "egress": [
              {
                "cidr_blocks": [
                  "0.0.0.0/0"
                ],
                "description": "Allow all outbound traffic",
                "from_port": 0,
                "ipv6_cidr_blocks": [],
                "prefix_list_ids": [],
                "protocol": "-1",
                "security_groups": [],
                "self": false,
                "to_port": 0
              }
            ],
            "id": "sg-05e3c6b648f5d9193",
            "ingress": [
              {
                "cidr_blocks": [],
                "description": "Allow ECS tasks to receive traffic from ALB",
                "from_port": 3000,
                "ipv6_cidr_blocks": [],
                "prefix_list_ids": [],
                "protocol": "tcp",
                "security_groups": [
                  "sg-0897249f3ee336770"
                ],
                "self": false,
                "to_port": 3000
              }
            ],
            "name": "trya-platform-backend-dev-service-ecs-tasks-sg",
            "name_prefix": "",
            "owner_id": "416684166863",
            "revoke_rules_on_delete": false,
            "tags": {
              "Application": "Trya Platform",
              "CostCenter": "Engineering",
              "Environment": "dev",
              "ManagedBy": "terraform",
              "Name": "trya-platform-backend-dev-service-ecs-tasks-sg",
              "Project": "trya-platform-backend",
              "Team": "Platform"
            },
            "tags_all": {
              "Application": "Trya Platform",
              "CostCenter": "Engineering",
              "Environment": "dev",
              "ManagedBy": "terraform",
              "Name": "trya-platform-backend-dev-service-ecs-tasks-sg",
              "Project": "trya-platform-backend",
              "Team": "Platform"
            },
            "timeouts": null,
            "vpc_id": "vpc-05550ca68ba305afb"
          },
          "sensitive_attributes": [],
          "private": "eyJlMmJmYjczMC1lY2FhLTExZTYtOGY4OC0zNDM2M2JjN2M0YzAiOnsiY3JlYXRlIjo2MDAwMDAwMDAwMDAsImRlbGV0ZSI6OTAwMDAwMDAwMDAwfSwic2NoZW1hX3ZlcnNpb24iOiIxIn0=",
          "dependencies": [
            "data.aws_subnets.public",
            "data.aws_vpc.main",
            "module.alb.aws_lb.this",
            "module.alb.aws_lb_listener.http",
            "module.alb.aws_lb_listener.https",
            "module.alb.aws_lb_target_group.this",
            "module.alb.aws_security_group.alb"
          ]
        }
      ]
    },
    {
      "module": "module.waf",
      "mode": "managed",
      "type": "aws_cloudwatch_log_group",
      "name": "waf",
      "provider": "provider[\"registry.terraform.io/hashicorp/aws\"]",
      "instances": [
        {
          "index_key": 0,
          "schema_version": 0,
          "attributes": {
            "arn": "arn:aws:logs:us-east-1:416684166863:log-group:aws-waf-logs-trya-platform-backend-dev-waf",
            "id": "aws-waf-logs-trya-platform-backend-dev-waf",
            "kms_key_id": "",
            "log_group_class": "STANDARD",
            "name": "aws-waf-logs-trya-platform-backend-dev-waf",
            "name_prefix": "",
            "retention_in_days": 30,
            "skip_destroy": false,
            "tags": {
              "Application": "Trya Platform",
              "CostCenter": "Engineering",
              "Environment": "dev",
              "ManagedBy": "terraform",
              "Project": "trya-platform-backend",
              "Team": "Platform"
            },
            "tags_all": {
              "Application": "Trya Platform",
              "CostCenter": "Engineering",
              "Environment": "dev",
              "ManagedBy": "terraform",
              "Project": "trya-platform-backend",
              "Team": "Platform"
            }
          },
          "sensitive_attributes": [],
          "private": "bnVsbA==",
          "dependencies": [
            "data.aws_subnets.public",
            "data.aws_vpc.main",
            "module.alb.aws_lb.this",
            "module.alb.aws_lb_listener.http",
            "module.alb.aws_lb_listener.https",
            "module.alb.aws_lb_target_group.this",
            "module.alb.aws_security_group.alb"
          ]
        }
      ]
    },
    {
      "module": "module.waf",
      "mode": "managed",
      "type": "aws_wafv2_web_acl",
      "name": "this",
      "provider": "provider[\"registry.terraform.io/hashicorp/aws\"]",
      "instances": [
        {
          "schema_version": 0,
          "attributes": {
            "application_integration_url": "",
            "arn": "arn:aws:wafv2:us-east-1:416684166863:regional/webacl/trya-platform-backend-dev-waf/0ba64fb8-1217-44f9-a2d8-dc181cb7e8e0",
            "association_config": [],
            "capacity": 1302,
            "captcha_config": [],
            "challenge_config": [],
            "custom_response_body": [],
            "data_protection_config": [],
            "default_action": [
              {
                "allow": [
                  {
                    "custom_request_handling": []
                  }
                ],
                "block": []
              }
            ],
            "description": "WAF for trya-platform-backend API - dev",
            "id": "0ba64fb8-1217-44f9-a2d8-dc181cb7e8e0",
            "lock_token": "70f8beb8-e331-40fd-860b-dfd1192dbd4c",
            "name": "trya-platform-backend-dev-waf",
            "name_prefix": "",
            "rule": [
              {
                "action": [
                  {
                    "allow": [],
                    "block": [
                      {
                        "custom_response": []
                      }
                    ],
                    "captcha": [],
                    "challenge": [],
                    "count": []
                  }
                ],
                "captcha_config": [],
                "challenge_config": [],
                "name": "RateLimitRule",
                "override_action": [],
                "priority": 10,
                "rule_label": [],
                "statement": [
                  {
                    "and_statement": [],
                    "asn_match_statement": [],
                    "byte_match_statement": [],
                    "geo_match_statement": [],
                    "ip_set_reference_statement": [],
                    "label_match_statement": [],
                    "managed_rule_group_statement": [],
                    "not_statement": [],
                    "or_statement": [],
                    "rate_based_statement": [
                      {
                        "aggregate_key_type": "IP",
                        "custom_key": [],
                        "evaluation_window_sec": 300,
                        "forwarded_ip_config": [],
                        "limit": 2000,
                        "scope_down_statement": []
                      }
                    ],
                    "regex_match_statement": [],
                    "regex_pattern_set_reference_statement": [],
                    "rule_group_reference_statement": [],
                    "size_constraint_statement": [],
                    "sqli_match_statement": [],
                    "xss_match_statement": []
                  }
                ],
                "visibility_config": [
                  {
                    "cloudwatch_metrics_enabled": true,
                    "metric_name": "trya-platform-backend-dev-waf-RateLimitRule",
                    "sampled_requests_enabled": true
                  }
                ]
              },
              {
                "action": [],
                "captcha_config": [],
                "challenge_config": [],
                "name": "AWSManagedRulesCommonRuleSet",
                "override_action": [
                  {
                    "count": [],
                    "none": [
                      {}
                    ]
                  }
                ],
                "priority": 1,
                "rule_label": [],
                "statement": [
                  {
                    "and_statement": [],
                    "asn_match_statement": [],
                    "byte_match_statement": [],
                    "geo_match_statement": [],
                    "ip_set_reference_statement": [],
                    "label_match_statement": [],
                    "managed_rule_group_statement": [
                      {
                        "managed_rule_group_configs": [],
                        "name": "AWSManagedRulesCommonRuleSet",
                        "rule_action_override": [],
                        "scope_down_statement": [],
                        "vendor_name": "AWS",
                        "version": ""
                      }
                    ],
                    "not_statement": [],
                    "or_statement": [],
                    "rate_based_statement": [],
                    "regex_match_statement": [],
                    "regex_pattern_set_reference_statement": [],
                    "rule_group_reference_statement": [],
                    "size_constraint_statement": [],
                    "sqli_match_statement": [],
                    "xss_match_statement": []
                  }
                ],
                "visibility_config": [
                  {
                    "cloudwatch_metrics_enabled": true,
                    "metric_name": "trya-platform-backend-dev-waf-AWSManagedRulesCommonRuleSet",
                    "sampled_requests_enabled": true
                  }
                ]
              },
              {
                "action": [],
                "captcha_config": [],
                "challenge_config": [],
                "name": "AWSManagedRulesKnownBadInputsRuleSet",
                "override_action": [
                  {
                    "count": [],
                    "none": [
                      {}
                    ]
                  }
                ],
                "priority": 2,
                "rule_label": [],
                "statement": [
                  {
                    "and_statement": [],
                    "asn_match_statement": [],
                    "byte_match_statement": [],
                    "geo_match_statement": [],
                    "ip_set_reference_statement": [],
                    "label_match_statement": [],
                    "managed_rule_group_statement": [
                      {
                        "managed_rule_group_configs": [],
                        "name": "AWSManagedRulesKnownBadInputsRuleSet",
                        "rule_action_override": [],
                        "scope_down_statement": [],
                        "vendor_name": "AWS",
                        "version": ""
                      }
                    ],
                    "not_statement": [],
                    "or_statement": [],
                    "rate_based_statement": [],
                    "regex_match_statement": [],
                    "regex_pattern_set_reference_statement": [],
                    "rule_group_reference_statement": [],
                    "size_constraint_statement": [],
                    "sqli_match_statement": [],
                    "xss_match_statement": []
                  }
                ],
                "visibility_config": [
                  {
                    "cloudwatch_metrics_enabled": true,
                    "metric_name": "trya-platform-backend-dev-waf-AWSManagedRulesKnownBadInputsRuleSet",
                    "sampled_requests_enabled": true
                  }
                ]
              },
              {
                "action": [],
                "captcha_config": [],
                "challenge_config": [],
                "name": "AWSManagedRulesLinuxRuleSet",
                "override_action": [
                  {
                    "count": [],
                    "none": [
                      {}
                    ]
                  }
                ],
                "priority": 4,
                "rule_label": [],
                "statement": [
                  {
                    "and_statement": [],
                    "asn_match_statement": [],
                    "byte_match_statement": [],
                    "geo_match_statement": [],
                    "ip_set_reference_statement": [],
                    "label_match_statement": [],
                    "managed_rule_group_statement": [
                      {
                        "managed_rule_group_configs": [],
                        "name": "AWSManagedRulesLinuxRuleSet",
                        "rule_action_override": [],
                        "scope_down_statement": [],
                        "vendor_name": "AWS",
                        "version": ""
                      }
                    ],
                    "not_statement": [],
                    "or_statement": [],
                    "rate_based_statement": [],
                    "regex_match_statement": [],
                    "regex_pattern_set_reference_statement": [],
                    "rule_group_reference_statement": [],
                    "size_constraint_statement": [],
                    "sqli_match_statement": [],
                    "xss_match_statement": []
                  }
                ],
                "visibility_config": [
                  {
                    "cloudwatch_metrics_enabled": true,
                    "metric_name": "trya-platform-backend-dev-waf-AWSManagedRulesLinuxRuleSet",
                    "sampled_requests_enabled": true
                  }
                ]
              },
              {
                "action": [],
                "captcha_config": [],
                "challenge_config": [],
                "name": "AWSManagedRulesSQLiRuleSet",
                "override_action": [
                  {
                    "count": [],
                    "none": [
                      {}
                    ]
                  }
                ],
                "priority": 3,
                "rule_label": [],
                "statement": [
                  {
                    "and_statement": [],
                    "asn_match_statement": [],
                    "byte_match_statement": [],
                    "geo_match_statement": [],
                    "ip_set_reference_statement": [],
                    "label_match_statement": [],
                    "managed_rule_group_statement": [
                      {
                        "managed_rule_group_configs": [],
                        "name": "AWSManagedRulesSQLiRuleSet",
                        "rule_action_override": [],
                        "scope_down_statement": [],
                        "vendor_name": "AWS",
                        "version": ""
                      }
                    ],
                    "not_statement": [],
                    "or_statement": [],
                    "rate_based_statement": [],
                    "regex_match_statement": [],
                    "regex_pattern_set_reference_statement": [],
                    "rule_group_reference_statement": [],
                    "size_constraint_statement": [],
                    "sqli_match_statement": [],
                    "xss_match_statement": []
                  }
                ],
                "visibility_config": [
                  {
                    "cloudwatch_metrics_enabled": true,
                    "metric_name": "trya-platform-backend-dev-waf-AWSManagedRulesSQLiRuleSet",
                    "sampled_requests_enabled": true
                  }
                ]
              }
            ],
            "rule_json": null,
            "scope": "REGIONAL",
            "tags": {
              "Application": "Trya Platform",
              "CostCenter": "Engineering",
              "Environment": "dev",
              "ManagedBy": "terraform",
              "Name": "trya-platform-backend-dev-waf",
              "Project": "trya-platform-backend",
              "Team": "Platform"
            },
            "tags_all": {
              "Application": "Trya Platform",
              "CostCenter": "Engineering",
              "Environment": "dev",
              "ManagedBy": "terraform",
              "Name": "trya-platform-backend-dev-waf",
              "Project": "trya-platform-backend",
              "Team": "Platform"
            },
            "token_domains": [],
            "visibility_config": [
              {
                "cloudwatch_metrics_enabled": true,
                "metric_name": "trya-platform-backend-dev-waf",
                "sampled_requests_enabled": true
              }
            ]
          },
          "sensitive_attributes": [],
          "private": "bnVsbA==",
          "dependencies": [
            "data.aws_subnets.public",
            "data.aws_vpc.main",
            "module.alb.aws_lb.this",
            "module.alb.aws_lb_listener.http",
            "module.alb.aws_lb_listener.https",
            "module.alb.aws_lb_target_group.this",
            "module.alb.aws_security_group.alb",
            "module.waf.aws_wafv2_ip_set.blocked"
          ]
        }
      ]
    },
    {
      "module": "module.waf",
      "mode": "managed",
      "type": "aws_wafv2_web_acl_association",
      "name": "alb",
      "provider": "provider[\"registry.terraform.io/hashicorp/aws\"]",
      "instances": [
        {
          "index_key": 0,
          "schema_version": 0,
          "attributes": {
            "id": "arn:aws:wafv2:us-east-1:416684166863:regional/webacl/trya-platform-backend-dev-waf/0ba64fb8-1217-44f9-a2d8-dc181cb7e8e0,arn:aws:elasticloadbalancing:us-east-1:416684166863:loadbalancer/app/trya-platform-backend-dev-alb/a4e8be97c9a2d5bc",
            "resource_arn": "arn:aws:elasticloadbalancing:us-east-1:416684166863:loadbalancer/app/trya-platform-backend-dev-alb/a4e8be97c9a2d5bc",
            "timeouts": null,
            "web_acl_arn": "arn:aws:wafv2:us-east-1:416684166863:regional/webacl/trya-platform-backend-dev-waf/0ba64fb8-1217-44f9-a2d8-dc181cb7e8e0"
          },
          "sensitive_attributes": [],
          "private": "eyJlMmJmYjczMC1lY2FhLTExZTYtOGY4OC0zNDM2M2JjN2M0YzAiOnsiY3JlYXRlIjo2MDAwMDAwMDAwMDB9fQ==",
          "dependencies": [
            "data.aws_subnets.public",
            "data.aws_vpc.main",
            "module.alb.aws_lb.this",
            "module.alb.aws_lb_listener.http",
            "module.alb.aws_lb_listener.https",
            "module.alb.aws_lb_target_group.this",
            "module.alb.aws_security_group.alb",
            "module.waf.aws_wafv2_ip_set.blocked",
            "module.waf.aws_wafv2_web_acl.this"
          ]
        }
      ]
    },
    {
      "module": "module.waf",
      "mode": "managed",
      "type": "aws_wafv2_web_acl_logging_configuration",
      "name": "this",
      "provider": "provider[\"registry.terraform.io/hashicorp/aws\"]",
      "instances": [
        {
          "index_key": 0,
          "schema_version": 0,
          "attributes": {
            "id": "arn:aws:wafv2:us-east-1:416684166863:regional/webacl/trya-platform-backend-dev-waf/0ba64fb8-1217-44f9-a2d8-dc181cb7e8e0",
            "log_destination_configs": [
              "arn:aws:logs:us-east-1:416684166863:log-group:aws-waf-logs-trya-platform-backend-dev-waf"
            ],
            "logging_filter": [],
            "redacted_fields": [
              {
                "method": [],
                "query_string": [],
                "single_header": [
                  {
                    "name": "authorization"
                  }
                ],
                "uri_path": []
              }
            ],
            "resource_arn": "arn:aws:wafv2:us-east-1:416684166863:regional/webacl/trya-platform-backend-dev-waf/0ba64fb8-1217-44f9-a2d8-dc181cb7e8e0"
          },
          "sensitive_attributes": [],
          "private": "bnVsbA==",
          "dependencies": [
            "data.aws_subnets.public",
            "data.aws_vpc.main",
            "module.alb.aws_lb.this",
            "module.alb.aws_lb_listener.http",
            "module.alb.aws_lb_listener.https",
            "module.alb.aws_lb_target_group.this",
            "module.alb.aws_security_group.alb",
            "module.waf.aws_cloudwatch_log_group.waf",
            "module.waf.aws_wafv2_web_acl.this"
          ]
        }
      ]
    }
  ],
  "check_results": null
}
